
Microsoft Visual Studio Solution File, Format Version 11.00
# Visual Studio 2010
Project("{FAE04EC0-301F-11D3-BF4B-00C04F79EFBC}") = "NancyLikesBatman", "NancyLikesBatman\NancyLikesBatman.csproj", "{492FA5AE-094D-41AB-B88E-EE101CBFA03F}"
EndProject
Global
	GlobalSection(SolutionConfigurationPlatforms) = preSolution
		Debug|Any CPU = Debug|Any CPU
		Release|Any CPU = Release|Any CPU
	EndGlobalSection
	GlobalSection(ProjectConfigurationPlatforms) = postSolution
		{492FA5AE-094D-41AB-B88E-EE101CBFA03F}.Debug|Any CPU.ActiveCfg = Debug|Any CPU
		{492FA5AE-094D-41AB-B88E-EE101CBFA03F}.Debug|Any CPU.Build.0 = Debug|Any CPU
		{492FA5AE-094D-41AB-B88E-EE101CBFA03F}.Release|Any CPU.ActiveCfg = Release|Any CPU
		{492FA5AE-094D-41AB-B88E-EE101CBFA03F}.Release|Any CPU.Build.0 = Release|Any CPU
	EndGlobalSection
	GlobalSection(SolutionProperties) = preSolution
		HideSolutionNode = FALSE
	EndGlobalSection
EndGlobal
